// !$*UTF8*$!
{
	archiveVersion = 1;
	classes = {
	};
	objectVersion = 56;
	objects = {

/* Begin PBXBuildFile section */
		EEB81B6C2BB6E47300FB4D5D /* LoginScreenApp.swift in Sources */ = {isa = PBXBuildFile; fileRef = EEB81B6B2BB6E47300FB4D5D /* LoginScreenApp.swift */; };
		EEB81B6E2BB6E47300FB4D5D /* ContentView.swift in Sources */ = {isa = PBXBuildFile; fileRef = EEB81B6D2BB6E47300FB4D5D /* ContentView.swift */; };
		EEB81B702BB6E47400FB4D5D /* Assets.xcassets in Resources */ = {isa = PBXBuildFile; fileRef = EEB81B6F2BB6E47400FB4D5D /* Assets.xcassets */; };
		EEB81B732BB6E47400FB4D5D /* Preview Assets.xcassets in Resources */ = {isa = PBXBuildFile; fileRef = EEB81B722BB6E47400FB4D5D /* Preview Assets.xcassets */; };
		EEB81B7D2BB6E47400FB4D5D /* LoginScreenTests.swift in Sources */ = {isa = PBXBuildFile; fileRef = EEB81B7C2BB6E47400FB4D5D /* LoginScreenTests.swift */; };
		EEB81B872BB6E47400FB4D5D /* LoginScreenUITests.swift in Sources */ = {isa = PBXBuildFile; fileRef = EEB81B862BB6E47400FB4D5D /* LoginScreenUITests.swift */; };
		EEB81B892BB6E47400FB4D5D /* LoginScreenUITestsLaunchTests.swift in Sources */ = {isa = PBXBuildFile; fileRef = EEB81B882BB6E47400FB4D5D /* LoginScreenUITestsLaunchTests.swift */; };
		EEB81B962BB6E5BE00FB4D5D /* LoginView.swift in Sources */ = {isa = PBXBuildFile; fileRef = EEB81B952BB6E5BE00FB4D5D /* LoginView.swift */; };
		EEB81B982BB6EE9C00FB4D5D /* SignUp.swift in Sources */ = {isa = PBXBuildFile; fileRef = EEB81B972BB6EE9C00FB4D5D /* SignUp.swift */; };
		EEB81B9A2BB6F18700FB4D5D /* Home.swift in Sources */ = {isa = PBXBuildFile; fileRef = EEB81B992BB6F18700FB4D5D /* Home.swift */; };
/* End PBXBuildFile section */

/* Begin PBXContainerItemProxy section */
		EEB81B792BB6E47400FB4D5D /* PBXContainerItemProxy */ = {
			isa = PBXContainerItemProxy;
			containerPortal = EEB81B602BB6E47300FB4D5D /* Project object */;
			proxyType = 1;
			remoteGlobalIDString = EEB81B672BB6E47300FB4D5D;
			remoteInfo = LoginScreen;
		};
		EEB81B832BB6E47400FB4D5D /* PBXContainerItemProxy */ = {
			isa = PBXContainerItemProxy;
			containerPortal = EEB81B602BB6E47300FB4D5D /* Project object */;
			proxyType = 1;
			remoteGlobalIDString = EEB81B672BB6E47300FB4D5D;
			remoteInfo = LoginScreen;
		};
/* End PBXContainerItemProxy section */

/* Begin PBXFileReference section */
		EEB81B682BB6E47300FB4D5D /* LoginScreen.app */ = {isa = PBXFileReference; explicitFileType = wrapper.application; includeInIndex = 0; path = LoginScreen.app; sourceTree = BUILT_PRODUCTS_DIR; };
		EEB81B6B2BB6E47300FB4D5D /* LoginScreenApp.swift */ = {isa = PBXFileReference; lastKnownFileType = sourcecode.swift; path = LoginScreenApp.swift; sourceTree = "<group>"; };
		EEB81B6D2BB6E47300FB4D5D /* ContentView.swift */ = {isa = PBXFileReference; lastKnownFileType = sourcecode.swift; path = ContentView.swift; sourceTree = "<group>"; };
		EEB81B6F2BB6E47400FB4D5D /* Assets.xcassets */ = {isa = PBXFileReference; lastKnownFileType = folder.assetcatalog; path = Assets.xcassets; sourceTree = "<group>"; };
		EEB81B722BB6E47400FB4D5D /* Preview Assets.xcassets */ = {isa = PBXFileReference; lastKnownFileType = folder.assetcatalog; path = "Preview Assets.xcassets"; sourceTree = "<group>"; };
		EEB81B782BB6E47400FB4D5D /* LoginScreenTests.xctest */ = {isa = PBXFileReference; explicitFileType = wrapper.cfbundle; includeInIndex = 0; path = LoginScreenTests.xctest; sourceTree = BUILT_PRODUCTS_DIR; };
		EEB81B7C2BB6E47400FB4D5D /* LoginScreenTests.swift */ = {isa = PBXFileReference; lastKnownFileType = sourcecode.swift; path = LoginScreenTests.swift; sourceTree = "<group>"; };
		EEB81B822BB6E47400FB4D5D /* LoginScreenUITests.xctest */ = {isa = PBXFileReference; explicitFileType = wrapper.cfbundle; includeInIndex = 0; path = LoginScreenUITests.xctest; sourceTree = BUILT_PRODUCTS_DIR; };
		EEB81B862BB6E47400FB4D5D /* LoginScreenUITests.swift */ = {isa = PBXFileReference; lastKnownFileType = sourcecode.swift; path = LoginScreenUITests.swift; sourceTree = "<group>"; };
		EEB81B882BB6E47400FB4D5D /* LoginScreenUITestsLaunchTests.swift */ = {isa = PBXFileReference; lastKnownFileType = sourcecode.swift; path = LoginScreenUITestsLaunchTests.swift; sourceTree = "<group>"; };
		EEB81B952BB6E5BE00FB4D5D /* LoginView.swift */ = {isa = PBXFileReference; lastKnownFileType = sourcecode.swift; path = LoginView.swift; sourceTree = "<group>"; };
		EEB81B972BB6EE9C00FB4D5D /* SignUp.swift */ = {isa = PBXFileReference; lastKnownFileType = sourcecode.swift; path = SignUp.swift; sourceTree = "<group>"; };
		EEB81B992BB6F18700FB4D5D /* Home.swift */ = {isa = PBXFileReference; lastKnownFileType = sourcecode.swift; path = Home.swift; sourceTree = "<group>"; };
/* End PBXFileReference section */

/* Begin PBXFrameworksBuildPhase section */
		EEB81B652BB6E47300FB4D5D /* Frameworks */ = {
			isa = PBXFrameworksBuildPhase;
			buildActionMask = 2147483647;
			files = (
			);
			runOnlyForDeploymentPostprocessing = 0;
		};
		EEB81B752BB6E47400FB4D5D /* Frameworks */ = {
			isa = PBXFrameworksBuildPhase;
			buildActionMask = 2147483647;
			files = (
			);
			runOnlyForDeploymentPostprocessing = 0;
		};
		EEB81B7F2BB6E47400FB4D5D /* Frameworks */ = {
			isa = PBXFrameworksBuildPhase;
			buildActionMask = 2147483647;
			files = (
			);
			runOnlyForDeploymentPostprocessing = 0;
		};
/* End PBXFrameworksBuildPhase section */

/* Begin PBXGroup section */
		EEB81B5F2BB6E47300FB4D5D = {
			isa = PBXGroup;
			children = (
				EEB81B6A2BB6E47300FB4D5D /* LoginScreen */,
				EEB81B7B2BB6E47400FB4D5D /* LoginScreenTests */,
				EEB81B852BB6E47400FB4D5D /* LoginScreenUITests */,
				EEB81B692BB6E47300FB4D5D /* Products */,
			);
			sourceTree = "<group>";
		};
		EEB81B692BB6E47300FB4D5D /* Products */ = {
			isa = PBXGroup;
			children = (
				EEB81B682BB6E47300FB4D5D /* LoginScreen.app */,
				EEB81B782BB6E47400FB4D5D /* LoginScreenTests.xctest */,
				EEB81B822BB6E47400FB4D5D /* LoginScreenUITests.xctest */,
			);
			name = Products;
			sourceTree = "<group>";
		};
		EEB81B6A2BB6E47300FB4D5D /* LoginScreen */ = {
			isa = PBXGroup;
			children = (
				EEB81B6B2BB6E47300FB4D5D /* LoginScreenApp.swift */,
				EEB81B6D2BB6E47300FB4D5D /* ContentView.swift */,
				EEB81B6F2BB6E47400FB4D5D /* Assets.xcassets */,
				EEB81B712BB6E47400FB4D5D /* Preview Content */,
				EEB81B952BB6E5BE00FB4D5D /* LoginView.swift */,
				EEB81B972BB6EE9C00FB4D5D /* SignUp.swift */,
				EEB81B992BB6F18700FB4D5D /* Home.swift */,
			);
			path = LoginScreen;
			sourceTree = "<group>";
		};
		EEB81B712BB6E47400FB4D5D /* Preview Content */ = {
			isa = PBXGroup;
			children = (
				EEB81B722BB6E47400FB4D5D /* Preview Assets.xcassets */,
			);
			path = "Preview Content";
			sourceTree = "<group>";
		};
		EEB81B7B2BB6E47400FB4D5D /* LoginScreenTests */ = {
			isa = PBXGroup;
			children = (
				EEB81B7C2BB6E47400FB4D5D /* LoginScreenTests.swift */,
			);
			path = LoginScreenTests;
			sourceTree = "<group>";
		};
		EEB81B852BB6E47400FB4D5D /* LoginScreenUITests */ = {
			isa = PBXGroup;
			children = (
				EEB81B862BB6E47400FB4D5D /* LoginScreenUITests.swift */,
				EEB81B882BB6E47400FB4D5D /* LoginScreenUITestsLaunchTests.swift */,
			);
			path = LoginScreenUITests;
			sourceTree = "<group>";
		};
/* End PBXGroup section */

/* Begin PBXNativeTarget section */
		EEB81B672BB6E47300FB4D5D /* LoginScreen */ = {
			isa = PBXNativeTarget;
			buildConfigurationList = EEB81B8C2BB6E47400FB4D5D /* Build configuration list for PBXNativeTarget "LoginScreen" */;
			buildPhases = (
				EEB81B642BB6E47300FB4D5D /* Sources */,
				EEB81B652BB6E47300FB4D5D /* Frameworks */,
				EEB81B662BB6E47300FB4D5D /* Resources */,
			);
			buildRules = (
			);
			dependencies = (
			);
			name = LoginScreen;
			productName = LoginScreen;
			productReference = EEB81B682BB6E47300FB4D5D /* LoginScreen.app */;
			productType = "com.apple.product-type.application";
		};
		EEB81B772BB6E47400FB4D5D /* LoginScreenTests */ = {
			isa = PBXNativeTarget;
			buildConfigurationList = EEB81B8F2BB6E47400FB4D5D /* Build configuration list for PBXNativeTarget "LoginScreenTests" */;
			buildPhases = (
				EEB81B742BB6E47400FB4D5D /* Sources */,
				EEB81B752BB6E47400FB4D5D /* Frameworks */,
				EEB81B762BB6E47400FB4D5D /* Resources */,
			);
			buildRules = (
			);
			dependencies = (
				EEB81B7A2BB6E47400FB4D5D /* PBXTargetDependency */,
			);
			name = LoginScreenTests;
			productName = LoginScreenTests;
			productReference = EEB81B782BB6E47400FB4D5D /* LoginScreenTests.xctest */;
			productType = "com.apple.product-type.bundle.unit-test";
		};
		EEB81B812BB6E47400FB4D5D /* LoginScreenUITests */ = {
			isa = PBXNativeTarget;
			buildConfigurationList = EEB81B922BB6E47400FB4D5D /* Build configuration list for PBXNativeTarget "LoginScreenUITests" */;
			buildPhases = (
				EEB81B7E2BB6E47400FB4D5D /* Sources */,
				EEB81B7F2BB6E47400FB4D5D /* Frameworks */,
				EEB81B802BB6E47400FB4D5D /* Resources */,
			);
			buildRules = (
			);
			dependencies = (
				EEB81B842BB6E47400FB4D5D /* PBXTargetDependency */,
			);
			name = LoginScreenUITests;
			productName = LoginScreenUITests;
			productReference = EEB81B822BB6E47400FB4D5D /* LoginScreenUITests.xctest */;
			productType = "com.apple.product-type.bundle.ui-testing";
		};
/* End PBXNativeTarget section */

/* Begin PBXProject section */
		EEB81B602BB6E47300FB4D5D /* Project object */ = {
			isa = PBXProject;
			attributes = {
				BuildIndependentTargetsInParallel = 1;
				LastSwiftUpdateCheck = 1500;
				LastUpgradeCheck = 1500;
				TargetAttributes = {
					EEB81B672BB6E47300FB4D5D = {
						CreatedOnToolsVersion = 15.0.1;
					};
					EEB81B772BB6E47400FB4D5D = {
						CreatedOnToolsVersion = 15.0.1;
						TestTargetID = EEB81B672BB6E47300FB4D5D;
					};
					EEB81B812BB6E47400FB4D5D = {
						CreatedOnToolsVersion = 15.0.1;
						TestTargetID = EEB81B672BB6E47300FB4D5D;
					};
				};
			};
			buildConfigurationList = EEB81B632BB6E47300FB4D5D /* Build configuration list for PBXProject "LoginScreen" */;
			compatibilityVersion = "Xcode 14.0";
			developmentRegion = en;
			hasScannedForEncodings = 0;
			knownRegions = (
				en,
				Base,
			);
			mainGroup = EEB81B5F2BB6E47300FB4D5D;
			productRefGroup = EEB81B692BB6E47300FB4D5D /* Products */;
			projectDirPath = "";
			projectRoot = "";
			targets = (
				EEB81B672BB6E47300FB4D5D /* LoginScreen */,
				EEB81B772BB6E47400FB4D5D /* LoginScreenTests */,
				EEB81B812BB6E47400FB4D5D /* LoginScreenUITests */,
			);
		};
/* End PBXProject section */

/* Begin PBXResourcesBuildPhase section */
		EEB81B662BB6E47300FB4D5D /* Resources */ = {
			isa = PBXResourcesBuildPhase;
			buildActionMask = 2147483647;
			files = (
				EEB81B732BB6E47400FB4D5D /* Preview Assets.xcassets in Resources */,
				EEB81B702BB6E47400FB4D5D /* Assets.xcassets in Resources */,
			);
			runOnlyForDeploymentPostprocessing = 0;
		};
		EEB81B762BB6E47400FB4D5D /* Resources */ = {
			isa = PBXResourcesBuildPhase;
			buildActionMask = 2147483647;
			files = (
			);
			runOnlyForDeploymentPostprocessing = 0;
		};
		EEB81B802BB6E47400FB4D5D /* Resources */ = {
			isa = PBXResourcesBuildPhase;
			buildActionMask = 2147483647;
			files = (
			);
			runOnlyForDeploymentPostprocessing = 0;
		};
/* End PBXResourcesBuildPhase section */

/* Begin PBXSourcesBuildPhase section */
		EEB81B642BB6E47300FB4D5D /* Sources */ = {
			isa = PBXSourcesBuildPhase;
			buildActionMask = 2147483647;
			files = (
				EEB81B962BB6E5BE00FB4D5D /* LoginView.swift in Sources */,
				EEB81B982BB6EE9C00FB4D5D /* SignUp.swift in Sources */,
				EEB81B9A2BB6F18700FB4D5D /* Home.swift in Sources */,
				EEB81B6E2BB6E47300FB4D5D /* ContentView.swift in Sources */,
				EEB81B6C2BB6E47300FB4D5D /* LoginScreenApp.swift in Sources */,
			);
			runOnlyForDeploymentPostprocessing = 0;
		};
		EEB81B742BB6E47400FB4D5D /* Sources */ = {
			isa = PBXSourcesBuildPhase;
			buildActionMask = 2147483647;
			files = (
				EEB81B7D2BB6E47400FB4D5D /* LoginScreenTests.swift in Sources */,
			);
			runOnlyForDeploymentPostprocessing = 0;
		};
		EEB81B7E2BB6E47400FB4D5D /* Sources */ = {
			isa = PBXSourcesBuildPhase;
			buildActionMask = 2147483647;
			files = (
				EEB81B892BB6E47400FB4D5D /* LoginScreenUITestsLaunchTests.swift in Sources */,
				EEB81B872BB6E47400FB4D5D /* LoginScreenUITests.swift in Sources */,
			);
			runOnlyForDeploymentPostprocessing = 0;
		};
/* End PBXSourcesBuildPhase section */

/* Begin PBXTargetDependency section */
		EEB81B7A2BB6E47400FB4D5D /* PBXTargetDependency */ = {
			isa = PBXTargetDependency;
			target = EEB81B672BB6E47300FB4D5D /* LoginScreen */;
			targetProxy = EEB81B792BB6E47400FB4D5D /* PBXContainerItemProxy */;
		};
		EEB81B842BB6E47400FB4D5D /* PBXTargetDependency */ = {
			isa = PBXTargetDependency;
			target = EEB81B672BB6E47300FB4D5D /* LoginScreen */;
			targetProxy = EEB81B832BB6E47400FB4D5D /* PBXContainerItemProxy */;
		};
/* End PBXTargetDependency section */

/* Begin XCBuildConfiguration section */
		EEB81B8A2BB6E47400FB4D5D /* Debug */ = {
			isa = XCBuildConfiguration;
			buildSettings = {
				ALWAYS_SEARCH_USER_PATHS = NO;
				ASSETCATALOG_COMPILER_GENERATE_SWIFT_ASSET_SYMBOL_EXTENSIONS = YES;
				CLANG_ANALYZER_NONNULL = YES;
				CLANG_ANALYZER_NUMBER_OBJECT_CONVERSION = YES_AGGRESSIVE;
				CLANG_CXX_LANGUAGE_STANDARD = "gnu++20";
				CLANG_ENABLE_MODULES = YES;
				CLANG_ENABLE_OBJC_ARC = YES;
				CLANG_ENABLE_OBJC_WEAK = YES;
				CLANG_WARN_BLOCK_CAPTURE_AUTORELEASING = YES;
				CLANG_WARN_BOOL_CONVERSION = YES;
				CLANG_WARN_COMMA = YES;
				CLANG_WARN_CONSTANT_CONVERSION = YES;
				CLANG_WARN_DEPRECATED_OBJC_IMPLEMENTATIONS = YES;
				CLANG_WARN_DIRECT_OBJC_ISA_USAGE = YES_ERROR;
				CLANG_WARN_DOCUMENTATION_COMMENTS = YES;
				CLANG_WARN_EMPTY_BODY = YES;
				CLANG_WARN_ENUM_CONVERSION = YES;
				CLANG_WARN_INFINITE_RECURSION = YES;
				CLANG_WARN_INT_CONVERSION = YES;
				CLANG_WARN_NON_LITERAL_NULL_CONVERSION = YES;
				CLANG_WARN_OBJC_IMPLICIT_RETAIN_SELF = YES;
				CLANG_WARN_OBJC_LITERAL_CONVERSION = YES;
				CLANG_WARN_OBJC_ROOT_CLASS = YES_ERROR;
				CLANG_WARN_QUOTED_INCLUDE_IN_FRAMEWORK_HEADER = YES;
				CLANG_WARN_RANGE_LOOP_ANALYSIS = YES;
				CLANG_WARN_STRICT_PROTOTYPES = YES;
				CLANG_WARN_SUSPICIOUS_MOVE = YES;
				CLANG_WARN_UNGUARDED_AVAILABILITY = YES_AGGRESSIVE;
				CLANG_WARN_UNREACHABLE_CODE = YES;
				CLANG_WARN__DUPLICATE_METHOD_MATCH = YES;
				COPY_PHASE_STRIP = NO;
				DEBUG_INFORMATION_FORMAT = dwarf;
				ENABLE_STRICT_OBJC_MSGSEND = YES;
				ENABLE_TESTABILITY = YES;
				ENABLE_USER_SCRIPT_SANDBOXING = YES;
				GCC_C_LANGUAGE_STANDARD = gnu17;
				GCC_DYNAMIC_NO_PIC = NO;
				GCC_NO_COMMON_BLOCKS = YES;
				GCC_OPTIMIZATION_LEVEL = 0;
				GCC_PREPROCESSOR_DEFINITIONS = (
					"DEBUG=1",
					"$(inherited)",
				);
				GCC_WARN_64_TO_32_BIT_CONVERSION = YES;
				GCC_WARN_ABOUT_RETURN_TYPE = YES_ERROR;
				GCC_WARN_UNDECLARED_SELECTOR = YES;
				GCC_WARN_UNINITIALIZED_AUTOS = YES_AGGRESSIVE;
				GCC_WARN_UNUSED_FUNCTION = YES;
				GCC_WARN_UNUSED_VARIABLE = YES;
				IPHONEOS_DEPLOYMENT_TARGET = 17.0;
				LOCALIZATION_PREFERS_STRING_CATALOGS = YES;
				MTL_ENABLE_DEBUG_INFO = INCLUDE_SOURCE;
				MTL_FAST_MATH = YES;
				ONLY_ACTIVE_ARCH = YES;
				SDKROOT = iphoneos;
				SWIFT_ACTIVE_COMPILATION_CONDITIONS = "DEBUG $(inherited)";
				SWIFT_OPTIMIZATION_LEVEL = "-Onone";
			};
			name = Debug;
		};
		EEB81B8B2BB6E47400FB4D5D /* Release */ = {
			isa = XCBuildConfiguration;
			buildSettings = {
				ALWAYS_SEARCH_USER_PATHS = NO;
				ASSETCATALOG_COMPILER_GENERATE_SWIFT_ASSET_SYMBOL_EXTENSIONS = YES;
				CLANG_ANALYZER_NONNULL = YES;
				CLANG_ANALYZER_NUMBER_OBJECT_CONVERSION = YES_AGGRESSIVE;
				CLANG_CXX_LANGUAGE_STANDARD = "gnu++20";
				CLANG_ENABLE_MODULES = YES;
				CLANG_ENABLE_OBJC_ARC = YES;
				CLANG_ENABLE_OBJC_WEAK = YES;
				CLANG_WARN_BLOCK_CAPTURE_AUTORELEASING = YES;
				CLANG_WARN_BOOL_CONVERSION = YES;
				CLANG_WARN_COMMA = YES;
				CLANG_WARN_CONSTANT_CONVERSION = YES;
				CLANG_WARN_DEPRECATED_OBJC_IMPLEMENTATIONS = YES;
				CLANG_WARN_DIRECT_OBJC_ISA_USAGE = YES_ERROR;
				CLANG_WARN_DOCUMENTATION_COMMENTS = YES;
				CLANG_WARN_EMPTY_BODY = YES;
				CLANG_WARN_ENUM_CONVERSION = YES;
				CLANG_WARN_INFINITE_RECURSION = YES;
				CLANG_WARN_INT_CONVERSION = YES;
				CLANG_WARN_NON_LITERAL_NULL_CONVERSION = YES;
				CLANG_WARN_OBJC_IMPLICIT_RETAIN_SELF = YES;
				CLANG_WARN_OBJC_LITERAL_CONVERSION = YES;
				CLANG_WARN_OBJC_ROOT_CLASS = YES_ERROR;
				CLANG_WARN_QUOTED_INCLUDE_IN_FRAMEWORK_HEADER = YES;
				CLANG_WARN_RANGE_LOOP_ANALYSIS = YES;
				CLANG_WARN_STRICT_PROTOTYPES = YES;
				CLANG_WARN_SUSPICIOUS_MOVE = YES;
				CLANG_WARN_UNGUARDED_AVAILABILITY = YES_AGGRESSIVE;
				CLANG_WARN_UNREACHABLE_CODE = YES;
				CLANG_WARN__DUPLICATE_METHOD_MATCH = YES;
				COPY_PHASE_STRIP = NO;
				DEBUG_INFORMATION_FORMAT = "dwarf-with-dsym";
				ENABLE_NS_ASSERTIONS = NO;
				ENABLE_STRICT_OBJC_MSGSEND = YES;
				ENABLE_USER_SCRIPT_SANDBOXING = YES;
				GCC_C_LANGUAGE_STANDARD = gnu17;
				GCC_NO_COMMON_BLOCKS = YES;
				GCC_WARN_64_TO_32_BIT_CONVERSION = YES;
				GCC_WARN_ABOUT_RETURN_TYPE = YES_ERROR;
				GCC_WARN_UNDECLARED_SELECTOR = YES;
				GCC_WARN_UNINITIALIZED_AUTOS = YES_AGGRESSIVE;
				GCC_WARN_UNUSED_FUNCTION = YES;
				GCC_WARN_UNUSED_VARIABLE = YES;
				IPHONEOS_DEPLOYMENT_TARGET = 17.0;
				LOCALIZATION_PREFERS_STRING_CATALOGS = YES;
				MTL_ENABLE_DEBUG_INFO = NO;
				MTL_FAST_MATH = YES;
				SDKROOT = iphoneos;
				SWIFT_COMPILATION_MODE = wholemodule;
				VALIDATE_PRODUCT = YES;
			};
			name = Release;
		};
		EEB81B8D2BB6E47400FB4D5D /* Debug */ = {
			isa = XCBuildConfiguration;
			buildSettings = {
				ASSETCATALOG_COMPILER_APPICON_NAME = AppIcon;
				ASSETCATALOG_COMPILER_GLOBAL_ACCENT_COLOR_NAME = AccentColor;
				CODE_SIGN_STYLE = Automatic;
				CURRENT_PROJECT_VERSION = 1;
				DEVELOPMENT_ASSET_PATHS = "\"LoginScreen/Preview Content\"";
				DEVELOPMENT_TEAM = 85ASU83XHG;
				ENABLE_PREVIEWS = YES;
				GENERATE_INFOPLIST_FILE = YES;
				INFOPLIST_KEY_UIApplicationSceneManifest_Generation = YES;
				INFOPLIST_KEY_UIApplicationSupportsIndirectInputEvents = YES;
				INFOPLIST_KEY_UILaunchScreen_Generation = YES;
				INFOPLIST_KEY_UISupportedInterfaceOrientations_iPad = "UIInterfaceOrientationPortrait UIInterfaceOrientationPortraitUpsideDown UIInterfaceOrientationLandscapeLeft UIInterfaceOrientationLandscapeRight";
				INFOPLIST_KEY_UISupportedInterfaceOrientations_iPhone = "UIInterfaceOrientationPortrait UIInterfaceOrientationLandscapeLeft UIInterfaceOrientationLandscapeRight";
				IPHONEOS_DEPLOYMENT_TARGET = 15.0;
				LD_RUNPATH_SEARCH_PATHS = (
					"$(inherited)",
					"@executable_path/Frameworks",
				);
				MARKETING_VERSION = 1.0;
				PRODUCT_BUNDLE_IDENTIFIER = doguner.com.LoginScreen;
				PRODUCT_NAME = "$(TARGET_NAME)";
				SWIFT_EMIT_LOC_STRINGS = YES;
				SWIFT_VERSION = 5.0;
				TARGETED_DEVICE_FAMILY = "1,2";
			};
			name = Debug;
		};
		EEB81B8E2BB6E47400FB4D5D /* Release */ = {
			isa = XCBuildConfiguration;
			buildSettings = {
				ASSETCATALOG_COMPILER_APPICON_NAME = AppIcon;
				ASSETCATALOG_COMPILER_GLOBAL_ACCENT_COLOR_NAME = AccentColor;
				CODE_SIGN_STYLE = Automatic;
				CURRENT_PROJECT_VERSION = 1;
				DEVELOPMENT_ASSET_PATHS = "\"LoginScreen/Preview Content\"";
				DEVELOPMENT_TEAM = 85ASU83XHG;
				ENABLE_PREVIEWS = YES;
				GENERATE_INFOPLIST_FILE = YES;
				INFOPLIST_KEY_UIApplicationSceneManifest_Generation = YES;
				INFOPLIST_KEY_UIApplicationSupportsIndirectInputEvents = YES;
				INFOPLIST_KEY_UILaunchScreen_Generation = YES;
				INFOPLIST_KEY_UISupportedInterfaceOrientations_iPad = "UIInterfaceOrientationPortrait UIInterfaceOrientationPortraitUpsideDown UIInterfaceOrientationLandscapeLeft UIInterfaceOrientationLandscapeRight";
				INFOPLIST_KEY_UISupportedInterfaceOrientations_iPhone = "UIInterfaceOrientationPortrait UIInterfaceOrientationLandscapeLeft UIInterfaceOrientationLandscapeRight";
				IPHONEOS_DEPLOYMENT_TARGET = 15.0;
				LD_RUNPATH_SEARCH_PATHS = (
					"$(inherited)",
					"@executable_path/Frameworks",
				);
				MARKETING_VERSION = 1.0;
				PRODUCT_BUNDLE_IDENTIFIER = doguner.com.LoginScreen;
				PRODUCT_NAME = "$(TARGET_NAME)";
				SWIFT_EMIT_LOC_STRINGS = YES;
				SWIFT_VERSION = 5.0;
				TARGETED_DEVICE_FAMILY = "1,2";
			};
			name = Release;
		};
		EEB81B902BB6E47400FB4D5D /* Debug */ = {
			isa = XCBuildConfiguration;
			buildSettings = {
				ALWAYS_EMBED_SWIFT_STANDARD_LIBRARIES = YES;
				BUNDLE_LOADER = "$(TEST_HOST)";
				CODE_SIGN_STYLE = Automatic;
				CURRENT_PROJECT_VERSION = 1;
				DEVELOPMENT_TEAM = 85ASU83XHG;
				GENERATE_INFOPLIST_FILE = YES;
				IPHONEOS_DEPLOYMENT_TARGET = 17.0;
				MARKETING_VERSION = 1.0;
				PRODUCT_BUNDLE_IDENTIFIER = doguner.com.LoginScreenTests;
				PRODUCT_NAME = "$(TARGET_NAME)";
				SWIFT_EMIT_LOC_STRINGS = NO;
				SWIFT_VERSION = 5.0;
				TARGETED_DEVICE_FAMILY = "1,2";
				TEST_HOST = "$(BUILT_PRODUCTS_DIR)/LoginScreen.app/$(BUNDLE_EXECUTABLE_FOLDER_PATH)/LoginScreen";
			};
			name = Debug;
		};
		EEB81B912BB6E47400FB4D5D /* Release */ = {
			isa = XCBuildConfiguration;
			buildSettings = {
				ALWAYS_EMBED_SWIFT_STANDARD_LIBRARIES = YES;
				BUNDLE_LOADER = "$(TEST_HOST)";
				CODE_SIGN_STYLE = Automatic;
				CURRENT_PROJECT_VERSION = 1;
				DEVELOPMENT_TEAM = 85ASU83XHG;
				GENERATE_INFOPLIST_FILE = YES;
				IPHONEOS_DEPLOYMENT_TARGET = 17.0;
				MARKETING_VERSION = 1.0;
				PRODUCT_BUNDLE_IDENTIFIER = doguner.com.LoginScreenTests;
				PRODUCT_NAME = "$(TARGET_NAME)";
				SWIFT_EMIT_LOC_STRINGS = NO;
				SWIFT_VERSION = 5.0;
				TARGETED_DEVICE_FAMILY = "1,2";
				TEST_HOST = "$(BUILT_PRODUCTS_DIR)/LoginScreen.app/$(BUNDLE_EXECUTABLE_FOLDER_PATH)/LoginScreen";
			};
			name = Release;
		};
		EEB81B932BB6E47400FB4D5D /* Debug */ = {
			isa = XCBuildConfiguration;
			buildSettings = {
				ALWAYS_EMBED_SWIFT_STANDARD_LIBRARIES = YES;
				CODE_SIGN_STYLE = Automatic;
				CURRENT_PROJECT_VERSION = 1;
				DEVELOPMENT_TEAM = 85ASU83XHG;
				GENERATE_INFOPLIST_FILE = YES;
				MARKETING_VERSION = 1.0;
				PRODUCT_BUNDLE_IDENTIFIER = doguner.com.LoginScreenUITests;
				PRODUCT_NAME = "$(TARGET_NAME)";
				SWIFT_EMIT_LOC_STRINGS = NO;
				SWIFT_VERSION = 5.0;
				TARGETED_DEVICE_FAMILY = "1,2";
				TEST_TARGET_NAME = LoginScreen;
			};
			name = Debug;
		};
		EEB81B942BB6E47400FB4D5D /* Release */ = {
			isa = XCBuildConfiguration;
			buildSettings = {
				ALWAYS_EMBED_SWIFT_STANDARD_LIBRARIES = YES;
				CODE_SIGN_STYLE = Automatic;
				CURRENT_PROJECT_VERSION = 1;
				DEVELOPMENT_TEAM = 85ASU83XHG;
				GENERATE_INFOPLIST_FILE = YES;
				MARKETING_VERSION = 1.0;
				PRODUCT_BUNDLE_IDENTIFIER = doguner.com.LoginScreenUITests;
				PRODUCT_NAME = "$(TARGET_NAME)";
				SWIFT_EMIT_LOC_STRINGS = NO;
				SWIFT_VERSION = 5.0;
				TARGETED_DEVICE_FAMILY = "1,2";
				TEST_TARGET_NAME = LoginScreen;
			};
			name = Release;
		};
/* End XCBuildConfiguration section */

/* Begin XCConfigurationList section */
		EEB81B632BB6E47300FB4D5D /* Build configuration list for PBXProject "LoginScreen" */ = {
			isa = XCConfigurationList;
			buildConfigurations = (
				EEB81B8A2BB6E47400FB4D5D /* Debug */,
				EEB81B8B2BB6E47400FB4D5D /* Release */,
			);
			defaultConfigurationIsVisible = 0;
			defaultConfigurationName = Release;
		};
		EEB81B8C2BB6E47400FB4D5D /* Build configuration list for PBXNativeTarget "LoginScreen" */ = {
			isa = XCConfigurationList;
			buildConfigurations = (
				EEB81B8D2BB6E47400FB4D5D /* Debug */,
				EEB81B8E2BB6E47400FB4D5D /* Release */,
			);
			defaultConfigurationIsVisible = 0;
			defaultConfigurationName = Release;
		};
		EEB81B8F2BB6E47400FB4D5D /* Build configuration list for PBXNativeTarget "LoginScreenTests" */ = {
			isa = XCConfigurationList;
			buildConfigurations = (
				EEB81B902BB6E47400FB4D5D /* Debug */,
				EEB81B912BB6E47400FB4D5D /* Release */,
			);
			defaultConfigurationIsVisible = 0;
			defaultConfigurationName = Release;
		};
		EEB81B922BB6E47400FB4D5D /* Build configuration list for PBXNativeTarget "LoginScreenUITests" */ = {
			isa = XCConfigurationList;
			buildConfigurations = (
				EEB81B932BB6E47400FB4D5D /* Debug */,
				EEB81B942BB6E47400FB4D5D /* Release */,
			);
			defaultConfigurationIsVisible = 0;
			defaultConfigurationName = Release;
		};
/* End XCConfigurationList section */
	};
	rootObject = EEB81B602BB6E47300FB4D5D /* Project object */;
}
